<?xml version="1.0" encoding="UTF-8"?>
<CONFIG>
  <ProjectOptions>
    <Version Value="12"/>
    <PathDelim Value="\"/>
    <General>
      <SessionStorage Value="InProjectDir"/>
      <Title Value="prjOrcamento"/>
      <Scaled Value="True"/>
      <ResourceType Value="res"/>
      <UseXPManifest Value="True"/>
      <XPManifest>
        <DpiAware Value="True"/>
      </XPManifest>
      <Icon Value="0"/>
    </General>
    <BuildModes>
      <Item Name="Default" Default="True"/>
    </BuildModes>
    <PublishOptions>
      <Version Value="2"/>
      <UseFileFilters Value="True"/>
    </PublishOptions>
    <RunParams>
      <FormatVersion Value="2"/>
    </RunParams>
    <RequiredPackages>
      <Item>
        <PackageName Value="lazreport"/>
      </Item>
      <Item>
        <PackageName Value="FCL"/>
      </Item>
      <Item>
        <PackageName Value="zcomponentdesign"/>
      </Item>
      <Item>
        <PackageName Value="zcomponent"/>
      </Item>
      <Item>
        <PackageName Value="LCL"/>
      </Item>
    </RequiredPackages>
    <Units>
      <Unit>
        <Filename Value="prjOrcamento.lpr"/>
        <IsPartOfProject Value="True"/>
      </Unit>
      <Unit>
        <Filename Value="xcadpaiu.pas"/>
        <IsPartOfProject Value="True"/>
        <ComponentName Value="xCadPaiF"/>
        <HasResources Value="True"/>
        <ResourceBaseClass Value="Form"/>
        <UnitName Value="xCadPaiU"/>
      </Unit>
      <Unit>
        <Filename Value="menuprincipalu.pas"/>
        <IsPartOfProject Value="True"/>
        <ComponentName Value="MenuPrincipalF"/>
        <HasResources Value="True"/>
        <ResourceBaseClass Value="Form"/>
        <UnitName Value="menuPrincipalU"/>
      </Unit>
      <Unit>
        <Filename Value="cadcategoriau.pas"/>
        <IsPartOfProject Value="True"/>
        <ComponentName Value="cadCategoriaF"/>
        <HasResources Value="True"/>
        <ResourceBaseClass Value="Form"/>
        <UnitName Value="cadCategoriaU"/>
      </Unit>
      <Unit>
        <Filename Value="datamoduleu.pas"/>
        <IsPartOfProject Value="True"/>
        <ComponentName Value="DataModuleF"/>
        <HasResources Value="True"/>
        <ResourceBaseClass Value="DataModule"/>
        <UnitName Value="dataModuleU"/>
      </Unit>
      <Unit>
        <Filename Value="cadclienteu.pas"/>
        <IsPartOfProject Value="True"/>
        <ComponentName Value="cadClienteF"/>
        <HasResources Value="True"/>
        <ResourceBaseClass Value="Form"/>
        <UnitName Value="cadClienteU"/>
      </Unit>
      <Unit>
        <Filename Value="cadprodutosu.pas"/>
        <IsPartOfProject Value="True"/>
        <ComponentName Value="cadProdutosF"/>
        <HasResources Value="True"/>
        <ResourceBaseClass Value="Form"/>
        <UnitName Value="cadProdutosU"/>
      </Unit>
      <Unit>
        <Filename Value="pesqcategoria.pas"/>
        <IsPartOfProject Value="True"/>
        <ComponentName Value="pesqCategoriaF"/>
        <HasResources Value="True"/>
        <ResourceBaseClass Value="Form"/>
        <UnitName Value="pesqCategoria"/>
      </Unit>
      <Unit>
        <Filename Value="relclientesu.pas"/>
        <IsPartOfProject Value="True"/>
        <ComponentName Value="RelClientesF"/>
        <HasResources Value="True"/>
        <ResourceBaseClass Value="Form"/>
        <UnitName Value="relClientesU"/>
      </Unit>
      <Unit>
        <Filename Value="cadusuariou.pas"/>
        <IsPartOfProject Value="True"/>
        <ComponentName Value="cadUsuariosF"/>
        <HasResources Value="True"/>
        <ResourceBaseClass Value="Form"/>
        <UnitName Value="cadUsuarioU"/>
      </Unit>
      <Unit>
        <Filename Value="orcamentou.pas"/>
        <IsPartOfProject Value="True"/>
        <ComponentName Value="orcamentoF"/>
        <HasResources Value="True"/>
        <ResourceBaseClass Value="Form"/>
        <UnitName Value="orcamentoU"/>
      </Unit>
      <Unit>
        <Filename Value="pesclienteu.pas"/>
        <IsPartOfProject Value="True"/>
        <ComponentName Value="pesqClienteF"/>
        <HasResources Value="True"/>
        <ResourceBaseClass Value="Form"/>
        <UnitName Value="pesClienteU"/>
      </Unit>
      <Unit>
        <Filename Value="inseriritemu.pas"/>
        <IsPartOfProject Value="True"/>
        <ComponentName Value="inserirItemF"/>
        <HasResources Value="True"/>
        <ResourceBaseClass Value="Form"/>
        <UnitName Value="inserirItemU"/>
      </Unit>
      <Unit>
        <Filename Value="pesqprodutou.pas"/>
        <IsPartOfProject Value="True"/>
        <ComponentName Value="pesqProdutosF"/>
        <HasResources Value="True"/>
        <ResourceBaseClass Value="Form"/>
        <UnitName Value="pesqProdutoU"/>
      </Unit>
      <Unit>
        <Filename Value="relprodutos.pas"/>
        <IsPartOfProject Value="True"/>
        <ComponentName Value="relProdutosF"/>
        <HasResources Value="True"/>
        <ResourceBaseClass Value="Form"/>
        <UnitName Value="relProdutos"/>
      </Unit>
      <Unit>
        <Filename Value="relorcamento.pas"/>
        <IsPartOfProject Value="True"/>
        <ComponentName Value="relOrcamentoF"/>
        <HasResources Value="True"/>
        <ResourceBaseClass Value="Form"/>
        <UnitName Value="relOrcamento"/>
      </Unit>
      <Unit>
        <Filename Value="relcategorias.pas"/>
        <IsPartOfProject Value="True"/>
        <ComponentName Value="relCategoriasF"/>
        <HasResources Value="True"/>
        <ResourceBaseClass Value="Form"/>
        <UnitName Value="relCategorias"/>
      </Unit>
      <Unit>
        <Filename Value="relorcitemu.pas"/>
        <IsPartOfProject Value="True"/>
        <ComponentName Value="relOrcItemF"/>
        <HasResources Value="True"/>
        <ResourceBaseClass Value="Form"/>
        <UnitName Value="relOrcItemU"/>
      </Unit>
      <Unit>
        <Filename Value="loginu.pas"/>
        <IsPartOfProject Value="True"/>
        <ComponentName Value="loginF"/>
        <HasResources Value="True"/>
        <ResourceBaseClass Value="Form"/>
        <UnitName Value="loginU"/>
      </Unit>
      <Unit>
        <Filename Value="sobreu.pas"/>
        <IsPartOfProject Value="True"/>
        <ComponentName Value="sobreF"/>
        <HasResources Value="True"/>
        <ResourceBaseClass Value="Form"/>
        <UnitName Value="sobreU"/>
      </Unit>
    </Units>
  </ProjectOptions>
  <CompilerOptions>
    <Version Value="11"/>
    <PathDelim Value="\"/>
    <Target>
      <Filename Value="prjOrcamento"/>
    </Target>
    <SearchPaths>
      <IncludeFiles Value="$(ProjOutDir)"/>
      <UnitOutputDirectory Value="lib\$(TargetCPU)-$(TargetOS)"/>
    </SearchPaths>
    <Linking>
      <Debugging>
        <DebugInfoType Value="dsDwarf3"/>
      </Debugging>
      <Options>
        <Win32>
          <GraphicApplication Value="True"/>
        </Win32>
      </Options>
    </Linking>
  </CompilerOptions>
  <Debugging>
    <Exceptions>
      <Item>
        <Name Value="EAbort"/>
      </Item>
      <Item>
        <Name Value="ECodetoolError"/>
      </Item>
      <Item>
        <Name Value="EFOpenError"/>
      </Item>
    </Exceptions>
  </Debugging>
</CONFIG>
